// !$*UTF8*$!
{
	archiveVersion = 1;
	classes = {
	};
	objectVersion = 46;
	objects = {

/* Begin PBXBuildFile section */
		36656E42178A9942003E4E84 /* UIKit.framework in Frameworks */ = {isa = PBXBuildFile; fileRef = 36656E41178A9942003E4E84 /* UIKit.framework */; };
		36656E44178A9942003E4E84 /* Foundation.framework in Frameworks */ = {isa = PBXBuildFile; fileRef = 36656E43178A9942003E4E84 /* Foundation.framework */; };
		36656E46178A9942003E4E84 /* CoreGraphics.framework in Frameworks */ = {isa = PBXBuildFile; fileRef = 36656E45178A9942003E4E84 /* CoreGraphics.framework */; };
		36656E4C178A9942003E4E84 /* InfoPlist.strings in Resources */ = {isa = PBXBuildFile; fileRef = 36656E4A178A9942003E4E84 /* InfoPlist.strings */; };
		36656E4E178A9942003E4E84 /* main.m in Sources */ = {isa = PBXBuildFile; fileRef = 36656E4D178A9942003E4E84 /* main.m */; };
		36656E52178A9942003E4E84 /* AppDelegate.m in Sources */ = {isa = PBXBuildFile; fileRef = 36656E51178A9942003E4E84 /* AppDelegate.m */; };
		36656E54178A9942003E4E84 /* Default.png in Resources */ = {isa = PBXBuildFile; fileRef = 36656E53178A9942003E4E84 /* Default.png */; };
		36656E56178A9942003E4E84 /* Default@2x.png in Resources */ = {isa = PBXBuildFile; fileRef = 36656E55178A9942003E4E84 /* Default@2x.png */; };
		36656E58178A9942003E4E84 /* Default-568h@2x.png in Resources */ = {isa = PBXBuildFile; fileRef = 36656E57178A9942003E4E84 /* Default-568h@2x.png */; };
		36656E5B178A9942003E4E84 /* ViewController.m in Sources */ = {isa = PBXBuildFile; fileRef = 36656E5A178A9942003E4E84 /* ViewController.m */; };
		36656E5E178A9942003E4E84 /* ViewController_iPhone.xib in Resources */ = {isa = PBXBuildFile; fileRef = 36656E5C178A9942003E4E84 /* ViewController_iPhone.xib */; };
		36656E61178A9942003E4E84 /* ViewController_iPad.xib in Resources */ = {isa = PBXBuildFile; fileRef = 36656E5F178A9942003E4E84 /* ViewController_iPad.xib */; };
/* End PBXBuildFile section */

/* Begin PBXFileReference section */
		36656E3E178A9942003E4E84 /* BeautifyCRMClient.app */ = {isa = PBXFileReference; explicitFileType = wrapper.application; includeInIndex = 0; path = BeautifyCRMClient.app; sourceTree = BUILT_PRODUCTS_DIR; };
		36656E41178A9942003E4E84 /* UIKit.framework */ = {isa = PBXFileReference; lastKnownFileType = wrapper.framework; name = UIKit.framework; path = System/Library/Frameworks/UIKit.framework; sourceTree = SDKROOT; };
		36656E43178A9942003E4E84 /* Foundation.framework */ = {isa = PBXFileReference; lastKnownFileType = wrapper.framework; name = Foundation.framework; path = System/Library/Frameworks/Foundation.framework; sourceTree = SDKROOT; };
		36656E45178A9942003E4E84 /* CoreGraphics.framework */ = {isa = PBXFileReference; lastKnownFileType = wrapper.framework; name = CoreGraphics.framework; path = System/Library/Frameworks/CoreGraphics.framework; sourceTree = SDKROOT; };
		36656E49178A9942003E4E84 /* BeautifyCRMClient-Info.plist */ = {isa = PBXFileReference; lastKnownFileType = text.plist.xml; path = "BeautifyCRMClient-Info.plist"; sourceTree = "<group>"; };
		36656E4B178A9942003E4E84 /* en */ = {isa = PBXFileReference; lastKnownFileType = text.plist.strings; name = en; path = en.lproj/InfoPlist.strings; sourceTree = "<group>"; };
		36656E4D178A9942003E4E84 /* main.m */ = {isa = PBXFileReference; lastKnownFileType = sourcecode.c.objc; path = main.m; sourceTree = "<group>"; };
		36656E4F178A9942003E4E84 /* BeautifyCRMClient-Prefix.pch */ = {isa = PBXFileReference; lastKnownFileType = sourcecode.c.h; path = "BeautifyCRMClient-Prefix.pch"; sourceTree = "<group>"; };
		36656E50178A9942003E4E84 /* AppDelegate.h */ = {isa = PBXFileReference; lastKnownFileType = sourcecode.c.h; path = AppDelegate.h; sourceTree = "<group>"; };
		36656E51178A9942003E4E84 /* AppDelegate.m */ = {isa = PBXFileReference; lastKnownFileType = sourcecode.c.objc; path = AppDelegate.m; sourceTree = "<group>"; };
		36656E53178A9942003E4E84 /* Default.png */ = {isa = PBXFileReference; lastKnownFileType = image.png; path = Default.png; sourceTree = "<group>"; };
		36656E55178A9942003E4E84 /* Default@2x.png */ = {isa = PBXFileReference; lastKnownFileType = image.png; path = "Default@2x.png"; sourceTree = "<group>"; };
		36656E57178A9942003E4E84 /* Default-568h@2x.png */ = {isa = PBXFileReference; lastKnownFileType = image.png; path = "Default-568h@2x.png"; sourceTree = "<group>"; };
		36656E59178A9942003E4E84 /* ViewController.h */ = {isa = PBXFileReference; lastKnownFileType = sourcecode.c.h; path = ViewController.h; sourceTree = "<group>"; };
		36656E5A178A9942003E4E84 /* ViewController.m */ = {isa = PBXFileReference; lastKnownFileType = sourcecode.c.objc; path = ViewController.m; sourceTree = "<group>"; };
		36656E5D178A9942003E4E84 /* en */ = {isa = PBXFileReference; lastKnownFileType = file.xib; name = en; path = en.lproj/ViewController_iPhone.xib; sourceTree = "<group>"; };
		36656E60178A9942003E4E84 /* en */ = {isa = PBXFileReference; lastKnownFileType = file.xib; name = en; path = en.lproj/ViewController_iPad.xib; sourceTree = "<group>"; };
/* End PBXFileReference section */

/* Begin PBXFrameworksBuildPhase section */
		36656E3B178A9942003E4E84 /* Frameworks */ = {
			isa = PBXFrameworksBuildPhase;
			buildActionMask = 2147483647;
			files = (
				36656E42178A9942003E4E84 /* UIKit.framework in Frameworks */,
				36656E44178A9942003E4E84 /* Foundation.framework in Frameworks */,
				36656E46178A9942003E4E84 /* CoreGraphics.framework in Frameworks */,
			);
			runOnlyForDeploymentPostprocessing = 0;
		};
/* End PBXFrameworksBuildPhase section */

/* Begin PBXGroup section */
		36656E35178A9942003E4E84 = {
			isa = PBXGroup;
			children = (
				36656E47178A9942003E4E84 /* BeautifyCRMClient */,
				36656E40178A9942003E4E84 /* Frameworks */,
				36656E3F178A9942003E4E84 /* Products */,
			);
			sourceTree = "<group>";
		};
		36656E3F178A9942003E4E84 /* Products */ = {
			isa = PBXGroup;
			children = (
				36656E3E178A9942003E4E84 /* BeautifyCRMClient.app */,
			);
			name = Products;
			sourceTree = "<group>";
		};
		36656E40178A9942003E4E84 /* Frameworks */ = {
			isa = PBXGroup;
			children = (
				36656E41178A9942003E4E84 /* UIKit.framework */,
				36656E43178A9942003E4E84 /* Foundation.framework */,
				36656E45178A9942003E4E84 /* CoreGraphics.framework */,
			);
			name = Frameworks;
			sourceTree = "<group>";
		};
		36656E47178A9942003E4E84 /* BeautifyCRMClient */ = {
			isa = PBXGroup;
			children = (
				36656E50178A9942003E4E84 /* AppDelegate.h */,
				36656E51178A9942003E4E84 /* AppDelegate.m */,
				36656E59178A9942003E4E84 /* ViewController.h */,
				36656E5A178A9942003E4E84 /* ViewController.m */,
				36656E5C178A9942003E4E84 /* ViewController_iPhone.xib */,
				36656E5F178A9942003E4E84 /* ViewController_iPad.xib */,
				36656E48178A9942003E4E84 /* Supporting Files */,
			);
			path = BeautifyCRMClient;
			sourceTree = "<group>";
		};
		36656E48178A9942003E4E84 /* Supporting Files */ = {
			isa = PBXGroup;
			children = (
				36656E49178A9942003E4E84 /* BeautifyCRMClient-Info.plist */,
				36656E4A178A9942003E4E84 /* InfoPlist.strings */,
				36656E4D178A9942003E4E84 /* main.m */,
				36656E4F178A9942003E4E84 /* BeautifyCRMClient-Prefix.pch */,
				36656E53178A9942003E4E84 /* Default.png */,
				36656E55178A9942003E4E84 /* Default@2x.png */,
				36656E57178A9942003E4E84 /* Default-568h@2x.png */,
			);
			name = "Supporting Files";
			sourceTree = "<group>";
		};
/* End PBXGroup section */

/* Begin PBXNativeTarget section */
		36656E3D178A9942003E4E84 /* BeautifyCRMClient */ = {
			isa = PBXNativeTarget;
			buildConfigurationList = 36656E64178A9942003E4E84 /* Build configuration list for PBXNativeTarget "BeautifyCRMClient" */;
			buildPhases = (
				36656E3A178A9942003E4E84 /* Sources */,
				36656E3B178A9942003E4E84 /* Frameworks */,
				36656E3C178A9942003E4E84 /* Resources */,
			);
			buildRules = (
			);
			dependencies = (
			);
			name = BeautifyCRMClient;
			productName = BeautifyCRMClient;
			productReference = 36656E3E178A9942003E4E84 /* BeautifyCRMClient.app */;
			productType = "com.apple.product-type.application";
		};
/* End PBXNativeTarget section */

/* Begin PBXProject section */
		36656E36178A9942003E4E84 /* Project object */ = {
			isa = PBXProject;
			attributes = {
				LastUpgradeCheck = 0460;
				ORGANIZATIONNAME = "wang hanqing";
			};
			buildConfigurationList = 36656E39178A9942003E4E84 /* Build configuration list for PBXProject "BeautifyCRMClient" */;
			compatibilityVersion = "Xcode 3.2";
			developmentRegion = English;
			hasScannedForEncodings = 0;
			knownRegions = (
				en,
			);
			mainGroup = 36656E35178A9942003E4E84;
			productRefGroup = 36656E3F178A9942003E4E84 /* Products */;
			projectDirPath = "";
			projectRoot = "";
			targets = (
				36656E3D178A9942003E4E84 /* BeautifyCRMClient */,
			);
		};
/* End PBXProject section */

/* Begin PBXResourcesBuildPhase section */
		36656E3C178A9942003E4E84 /* Resources */ = {
			isa = PBXResourcesBuildPhase;
			buildActionMask = 2147483647;
			files = (
				36656E4C178A9942003E4E84 /* InfoPlist.strings in Resources */,
				36656E54178A9942003E4E84 /* Default.png in Resources */,
				36656E56178A9942003E4E84 /* Default@2x.png in Resources */,
				36656E58178A9942003E4E84 /* Default-568h@2x.png in Resources */,
				36656E5E178A9942003E4E84 /* ViewController_iPhone.xib in Resources */,
				36656E61178A9942003E4E84 /* ViewController_iPad.xib in Resources */,
			);
			runOnlyForDeploymentPostprocessing = 0;
		};
/* End PBXResourcesBuildPhase section */

/* Begin PBXSourcesBuildPhase section */
		36656E3A178A9942003E4E84 /* Sources */ = {
			isa = PBXSourcesBuildPhase;
			buildActionMask = 2147483647;
			files = (
				36656E4E178A9942003E4E84 /* main.m in Sources */,
				36656E52178A9942003E4E84 /* AppDelegate.m in Sources */,
				36656E5B178A9942003E4E84 /* ViewController.m in Sources */,
			);
			runOnlyForDeploymentPostprocessing = 0;
		};
/* End PBXSourcesBuildPhase section */

/* Begin PBXVariantGroup section */
		36656E4A178A9942003E4E84 /* InfoPlist.strings */ = {
			isa = PBXVariantGroup;
			children = (
				36656E4B178A9942003E4E84 /* en */,
			);
			name = InfoPlist.strings;
			sourceTree = "<group>";
		};
		36656E5C178A9942003E4E84 /* ViewController_iPhone.xib */ = {
			isa = PBXVariantGroup;
			children = (
				36656E5D178A9942003E4E84 /* en */,
			);
			name = ViewController_iPhone.xib;
			sourceTree = "<group>";
		};
		36656E5F178A9942003E4E84 /* ViewController_iPad.xib */ = {
			isa = PBXVariantGroup;
			children = (
				36656E60178A9942003E4E84 /* en */,
			);
			name = ViewController_iPad.xib;
			sourceTree = "<group>";
		};
/* End PBXVariantGroup section */

/* Begin XCBuildConfiguration section */
		36656E62178A9942003E4E84 /* Debug */ = {
			isa = XCBuildConfiguration;
			buildSettings = {
				ALWAYS_SEARCH_USER_PATHS = NO;
				CLANG_CXX_LANGUAGE_STANDARD = "gnu++0x";
				CLANG_CXX_LIBRARY = "libc++";
				CLANG_WARN_CONSTANT_CONVERSION = YES;
				CLANG_WARN_EMPTY_BODY = YES;
				CLANG_WARN_ENUM_CONVERSION = YES;
				CLANG_WARN_INT_CONVERSION = YES;
				CLANG_WARN__DUPLICATE_METHOD_MATCH = YES;
				"CODE_SIGN_IDENTITY[sdk=iphoneos*]" = "iPhone Developer";
				COPY_PHASE_STRIP = NO;
				GCC_C_LANGUAGE_STANDARD = gnu99;
				GCC_DYNAMIC_NO_PIC = NO;
				GCC_OPTIMIZATION_LEVEL = 0;
				GCC_PREPROCESSOR_DEFINITIONS = (
					"DEBUG=1",
					"$(inherited)",
				);
				GCC_SYMBOLS_PRIVATE_EXTERN = NO;
				GCC_WARN_ABOUT_RETURN_TYPE = YES;
				GCC_WARN_UNINITIALIZED_AUTOS = YES;
				GCC_WARN_UNUSED_VARIABLE = YES;
				IPHONEOS_DEPLOYMENT_TARGET = 6.1;
				ONLY_ACTIVE_ARCH = YES;
				SDKROOT = iphoneos;
				TARGETED_DEVICE_FAMILY = "1,2";
			};
			name = Debug;
		};
		36656E63178A9942003E4E84 /* Release */ = {
			isa = XCBuildConfiguration;
			buildSettings = {
				ALWAYS_SEARCH_USER_PATHS = NO;
				CLANG_CXX_LANGUAGE_STANDARD = "gnu++0x";
				CLANG_CXX_LIBRARY = "libc++";
				CLANG_WARN_CONSTANT_CONVERSION = YES;
				CLANG_WARN_EMPTY_BODY = YES;
				CLANG_WARN_ENUM_CONVERSION = YES;
				CLANG_WARN_INT_CONVERSION = YES;
				CLANG_WARN__DUPLICATE_METHOD_MATCH = YES;
				"CODE_SIGN_IDENTITY[sdk=iphoneos*]" = "iPhone Developer";
				COPY_PHASE_STRIP = YES;
				GCC_C_LANGUAGE_STANDARD = gnu99;
				GCC_WARN_ABOUT_RETURN_TYPE = YES;
				GCC_WARN_UNINITIALIZED_AUTOS = YES;
				GCC_WARN_UNUSED_VARIABLE = YES;
				IPHONEOS_DEPLOYMENT_TARGET = 6.1;
				OTHER_CFLAGS = "-DNS_BLOCK_ASSERTIONS=1";
				SDKROOT = iphoneos;
				TARGETED_DEVICE_FAMILY = "1,2";
				VALIDATE_PRODUCT = YES;
			};
			name = Release;
		};
		36656E65178A9942003E4E84 /* Debug */ = {
			isa = XCBuildConfiguration;
			buildSettings = {
				GCC_PRECOMPILE_PREFIX_HEADER = YES;
				GCC_PREFIX_HEADER = "BeautifyCRMClient/BeautifyCRMClient-Prefix.pch";
				INFOPLIST_FILE = "BeautifyCRMClient/BeautifyCRMClient-Info.plist";
				PRODUCT_NAME = "$(TARGET_NAME)";
				WRAPPER_EXTENSION = app;
			};
			name = Debug;
		};
		36656E66178A9942003E4E84 /* Release */ = {
			isa = XCBuildConfiguration;
			buildSettings = {
				GCC_PRECOMPILE_PREFIX_HEADER = YES;
				GCC_PREFIX_HEADER = "BeautifyCRMClient/BeautifyCRMClient-Prefix.pch";
				INFOPLIST_FILE = "BeautifyCRMClient/BeautifyCRMClient-Info.plist";
				PRODUCT_NAME = "$(TARGET_NAME)";
				WRAPPER_EXTENSION = app;
			};
			name = Release;
		};
/* End XCBuildConfiguration section */

/* Begin XCConfigurationList section */
		36656E39178A9942003E4E84 /* Build configuration list for PBXProject "BeautifyCRMClient" */ = {
			isa = XCConfigurationList;
			buildConfigurations = (
				36656E62178A9942003E4E84 /* Debug */,
				36656E63178A9942003E4E84 /* Release */,
			);
			defaultConfigurationIsVisible = 0;
			defaultConfigurationName = Release;
		};
		36656E64178A9942003E4E84 /* Build configuration list for PBXNativeTarget "BeautifyCRMClient" */ = {
			isa = XCConfigurationList;
			buildConfigurations = (
				36656E65178A9942003E4E84 /* Debug */,
				36656E66178A9942003E4E84 /* Release */,
			);
			defaultConfigurationIsVisible = 0;
		};
/* End XCConfigurationList section */
	};
	rootObject = 36656E36178A9942003E4E84 /* Project object */;
}
